// !$*UTF8*$!
{
	archiveVersion = 1;
	classes = {
	};
	objectVersion = 55;
	objects = {

/* Begin PBXBuildFile section */
		C52E4BCB28468E9F00DE44E3 /* TasksCVC.swift in Sources */ = {isa = PBXBuildFile; fileRef = C52E4BCA28468E9F00DE44E3 /* TasksCVC.swift */; };
		C52E4BCD28468F3300DE44E3 /* TasksViewInput.swift in Sources */ = {isa = PBXBuildFile; fileRef = C52E4BCC28468F3300DE44E3 /* TasksViewInput.swift */; };
		C52E4BCF28468FCB00DE44E3 /* TasksPresenter.swift in Sources */ = {isa = PBXBuildFile; fileRef = C52E4BCE28468FCB00DE44E3 /* TasksPresenter.swift */; };
		C52E4BD12846903800DE44E3 /* TasksViewOutput.swift in Sources */ = {isa = PBXBuildFile; fileRef = C52E4BD02846903800DE44E3 /* TasksViewOutput.swift */; };
		C52E4BD3284690F300DE44E3 /* TasksConfigurator.swift in Sources */ = {isa = PBXBuildFile; fileRef = C52E4BD2284690F300DE44E3 /* TasksConfigurator.swift */; };
		C5A30ADB285147EF00A6723F /* TasksCellCollectionViewCell.swift in Sources */ = {isa = PBXBuildFile; fileRef = C5A30ADA285147EF00A6723F /* TasksCellCollectionViewCell.swift */; };
		C5A30ADD285148A700A6723F /* TasksRouter.swift in Sources */ = {isa = PBXBuildFile; fileRef = C5A30ADC285148A700A6723F /* TasksRouter.swift */; };
		C5A30ADF2851491800A6723F /* TasksRouterProtocol.swift in Sources */ = {isa = PBXBuildFile; fileRef = C5A30ADE2851491800A6723F /* TasksRouterProtocol.swift */; };
		EA1E675E286791CF004BF704 /* Task.swift in Sources */ = {isa = PBXBuildFile; fileRef = EA1E675D286791CF004BF704 /* Task.swift */; };
		EA4A251F285F6863001BA96C /* UIColor+Ext.swift in Sources */ = {isa = PBXBuildFile; fileRef = EA4A251E285F6863001BA96C /* UIColor+Ext.swift */; };
		EA99F3FF2845444100179D6E /* AppDelegate.swift in Sources */ = {isa = PBXBuildFile; fileRef = EA99F3FE2845444100179D6E /* AppDelegate.swift */; };
		EA99F4012845444100179D6E /* SceneDelegate.swift in Sources */ = {isa = PBXBuildFile; fileRef = EA99F4002845444100179D6E /* SceneDelegate.swift */; };
		EA99F4082845444200179D6E /* Assets.xcassets in Resources */ = {isa = PBXBuildFile; fileRef = EA99F4072845444200179D6E /* Assets.xcassets */; };
		EA99F40B2845444200179D6E /* LaunchScreen.storyboard in Resources */ = {isa = PBXBuildFile; fileRef = EA99F4092845444200179D6E /* LaunchScreen.storyboard */; };
		EAC6FCB92857CDBA00677A85 /* Int+Ext.swift in Sources */ = {isa = PBXBuildFile; fileRef = EAC6FCB82857CDBA00677A85 /* Int+Ext.swift */; };
		EACD35F228687AE300D94F0F /* Screens.swift in Sources */ = {isa = PBXBuildFile; fileRef = EACD35F128687AE300D94F0F /* Screens.swift */; };
/* End PBXBuildFile section */

/* Begin PBXFileReference section */
		C52E4BCA28468E9F00DE44E3 /* TasksCVC.swift */ = {isa = PBXFileReference; lastKnownFileType = sourcecode.swift; path = TasksCVC.swift; sourceTree = "<group>"; };
		C52E4BCC28468F3300DE44E3 /* TasksViewInput.swift */ = {isa = PBXFileReference; lastKnownFileType = sourcecode.swift; path = TasksViewInput.swift; sourceTree = "<group>"; };
		C52E4BCE28468FCB00DE44E3 /* TasksPresenter.swift */ = {isa = PBXFileReference; lastKnownFileType = sourcecode.swift; path = TasksPresenter.swift; sourceTree = "<group>"; };
		C52E4BD02846903800DE44E3 /* TasksViewOutput.swift */ = {isa = PBXFileReference; lastKnownFileType = sourcecode.swift; path = TasksViewOutput.swift; sourceTree = "<group>"; };
		C52E4BD2284690F300DE44E3 /* TasksConfigurator.swift */ = {isa = PBXFileReference; lastKnownFileType = sourcecode.swift; path = TasksConfigurator.swift; sourceTree = "<group>"; };
		C5A30ADA285147EF00A6723F /* TasksCellCollectionViewCell.swift */ = {isa = PBXFileReference; lastKnownFileType = sourcecode.swift; path = TasksCellCollectionViewCell.swift; sourceTree = "<group>"; };
		C5A30ADC285148A700A6723F /* TasksRouter.swift */ = {isa = PBXFileReference; lastKnownFileType = sourcecode.swift; path = TasksRouter.swift; sourceTree = "<group>"; };
		C5A30ADE2851491800A6723F /* TasksRouterProtocol.swift */ = {isa = PBXFileReference; lastKnownFileType = sourcecode.swift; path = TasksRouterProtocol.swift; sourceTree = "<group>"; };
		EA1E675D286791CF004BF704 /* Task.swift */ = {isa = PBXFileReference; lastKnownFileType = sourcecode.swift; path = Task.swift; sourceTree = "<group>"; };
		EA4A251E285F6863001BA96C /* UIColor+Ext.swift */ = {isa = PBXFileReference; lastKnownFileType = sourcecode.swift; path = "UIColor+Ext.swift"; sourceTree = "<group>"; };
		EA99F3FB2845444100179D6E /* lubov.app */ = {isa = PBXFileReference; explicitFileType = wrapper.application; includeInIndex = 0; path = lubov.app; sourceTree = BUILT_PRODUCTS_DIR; };
		EA99F3FE2845444100179D6E /* AppDelegate.swift */ = {isa = PBXFileReference; lastKnownFileType = sourcecode.swift; path = AppDelegate.swift; sourceTree = "<group>"; };
		EA99F4002845444100179D6E /* SceneDelegate.swift */ = {isa = PBXFileReference; lastKnownFileType = sourcecode.swift; path = SceneDelegate.swift; sourceTree = "<group>"; };
		EA99F4072845444200179D6E /* Assets.xcassets */ = {isa = PBXFileReference; lastKnownFileType = folder.assetcatalog; path = Assets.xcassets; sourceTree = "<group>"; };
		EA99F40A2845444200179D6E /* Base */ = {isa = PBXFileReference; lastKnownFileType = file.storyboard; name = Base; path = Base.lproj/LaunchScreen.storyboard; sourceTree = "<group>"; };
		EA99F40C2845444300179D6E /* Info.plist */ = {isa = PBXFileReference; lastKnownFileType = text.plist.xml; path = Info.plist; sourceTree = "<group>"; };
		EAC6FCB82857CDBA00677A85 /* Int+Ext.swift */ = {isa = PBXFileReference; lastKnownFileType = sourcecode.swift; path = "Int+Ext.swift"; sourceTree = "<group>"; };
		EACD35F128687AE300D94F0F /* Screens.swift */ = {isa = PBXFileReference; lastKnownFileType = sourcecode.swift; path = Screens.swift; sourceTree = "<group>"; };
/* End PBXFileReference section */

/* Begin PBXFrameworksBuildPhase section */
		EA99F3F82845444100179D6E /* Frameworks */ = {
			isa = PBXFrameworksBuildPhase;
			buildActionMask = 2147483647;
			files = (
			);
			runOnlyForDeploymentPostprocessing = 0;
		};
/* End PBXFrameworksBuildPhase section */

/* Begin PBXGroup section */
		C52E4BC428468B6A00DE44E3 /* Modules */ = {
			isa = PBXGroup;
			children = (
				C52E4BC528468B8A00DE44E3 /* Tasks */,
			);
			path = Modules;
			sourceTree = "<group>";
		};
		C52E4BC528468B8A00DE44E3 /* Tasks */ = {
			isa = PBXGroup;
			children = (
				EA1E675C28679198004BF704 /* Model */,
				C52E4BC928468BE600DE44E3 /* Configurator */,
				C52E4BC828468BDD00DE44E3 /* Router */,
				C52E4BC728468BBA00DE44E3 /* Presenter */,
				C52E4BC628468BAA00DE44E3 /* View */,
			);
			path = Tasks;
			sourceTree = "<group>";
		};
		C52E4BC628468BAA00DE44E3 /* View */ = {
			isa = PBXGroup;
			children = (
				C5A30AD92851476E00A6723F /* Cell */,
				C52E4BCA28468E9F00DE44E3 /* TasksCVC.swift */,
				C52E4BCC28468F3300DE44E3 /* TasksViewInput.swift */,
			);
			path = View;
			sourceTree = "<group>";
		};
		C52E4BC728468BBA00DE44E3 /* Presenter */ = {
			isa = PBXGroup;
			children = (
				C52E4BCE28468FCB00DE44E3 /* TasksPresenter.swift */,
				C52E4BD02846903800DE44E3 /* TasksViewOutput.swift */,
			);
			path = Presenter;
			sourceTree = "<group>";
		};
		C52E4BC828468BDD00DE44E3 /* Router */ = {
			isa = PBXGroup;
			children = (
				C5A30ADC285148A700A6723F /* TasksRouter.swift */,
				C5A30ADE2851491800A6723F /* TasksRouterProtocol.swift */,
			);
			path = Router;
			sourceTree = "<group>";
		};
		C52E4BC928468BE600DE44E3 /* Configurator */ = {
			isa = PBXGroup;
			children = (
				C52E4BD2284690F300DE44E3 /* TasksConfigurator.swift */,
			);
			path = Configurator;
			sourceTree = "<group>";
		};
		C5A30AD92851476E00A6723F /* Cell */ = {
			isa = PBXGroup;
			children = (
				C5A30ADA285147EF00A6723F /* TasksCellCollectionViewCell.swift */,
			);
			path = Cell;
			sourceTree = "<group>";
		};
		EA1E675C28679198004BF704 /* Model */ = {
			isa = PBXGroup;
			children = (
				EA1E675D286791CF004BF704 /* Task.swift */,
				EACD35F128687AE300D94F0F /* Screens.swift */,
			);
			path = Model;
			sourceTree = "<group>";
		};
		EA99F3F22845444100179D6E = {
			isa = PBXGroup;
			children = (
				EA99F3FD2845444100179D6E /* lubov */,
				EA99F3FC2845444100179D6E /* Products */,
			);
			sourceTree = "<group>";
		};
		EA99F3FC2845444100179D6E /* Products */ = {
			isa = PBXGroup;
			children = (
				EA99F3FB2845444100179D6E /* lubov.app */,
			);
			name = Products;
			sourceTree = "<group>";
		};
		EA99F3FD2845444100179D6E /* lubov */ = {
			isa = PBXGroup;
			children = (
				EAC6FCB72857CD9300677A85 /* Extensions */,
				C52E4BC428468B6A00DE44E3 /* Modules */,
				EA99F3FE2845444100179D6E /* AppDelegate.swift */,
				EA99F4002845444100179D6E /* SceneDelegate.swift */,
				EA99F4072845444200179D6E /* Assets.xcassets */,
				EA99F4092845444200179D6E /* LaunchScreen.storyboard */,
				EA99F40C2845444300179D6E /* Info.plist */,
			);
			path = lubov;
			sourceTree = "<group>";
		};
		EAC6FCB72857CD9300677A85 /* Extensions */ = {
			isa = PBXGroup;
			children = (
				EAC6FCB82857CDBA00677A85 /* Int+Ext.swift */,
				EA4A251E285F6863001BA96C /* UIColor+Ext.swift */,
			);
			path = Extensions;
			sourceTree = "<group>";
		};
/* End PBXGroup section */

/* Begin PBXNativeTarget section */
		EA99F3FA2845444100179D6E /* lubov */ = {
			isa = PBXNativeTarget;
			buildConfigurationList = EA99F40F2845444300179D6E /* Build configuration list for PBXNativeTarget "lubov" */;
			buildPhases = (
				EA99F3F72845444100179D6E /* Sources */,
				EA99F3F82845444100179D6E /* Frameworks */,
				EA99F3F92845444100179D6E /* Resources */,
			);
			buildRules = (
			);
			dependencies = (
			);
			name = lubov;
			productName = lubov;
			productReference = EA99F3FB2845444100179D6E /* lubov.app */;
			productType = "com.apple.product-type.application";
		};
/* End PBXNativeTarget section */

/* Begin PBXProject section */
		EA99F3F32845444100179D6E /* Project object */ = {
			isa = PBXProject;
			attributes = {
				BuildIndependentTargetsInParallel = 1;
				LastSwiftUpdateCheck = 1310;
				LastUpgradeCheck = 1310;
				TargetAttributes = {
					EA99F3FA2845444100179D6E = {
						CreatedOnToolsVersion = 13.1;
					};
				};
			};
			buildConfigurationList = EA99F3F62845444100179D6E /* Build configuration list for PBXProject "lubov" */;
			compatibilityVersion = "Xcode 13.0";
			developmentRegion = en;
			hasScannedForEncodings = 0;
			knownRegions = (
				en,
				Base,
			);
			mainGroup = EA99F3F22845444100179D6E;
			productRefGroup = EA99F3FC2845444100179D6E /* Products */;
			projectDirPath = "";
			projectRoot = "";
			targets = (
				EA99F3FA2845444100179D6E /* lubov */,
			);
		};
/* End PBXProject section */

/* Begin PBXResourcesBuildPhase section */
		EA99F3F92845444100179D6E /* Resources */ = {
			isa = PBXResourcesBuildPhase;
			buildActionMask = 2147483647;
			files = (
				EA99F40B2845444200179D6E /* LaunchScreen.storyboard in Resources */,
				EA99F4082845444200179D6E /* Assets.xcassets in Resources */,
			);
			runOnlyForDeploymentPostprocessing = 0;
		};
/* End PBXResourcesBuildPhase section */

/* Begin PBXSourcesBuildPhase section */
		EA99F3F72845444100179D6E /* Sources */ = {
			isa = PBXSourcesBuildPhase;
			buildActionMask = 2147483647;
			files = (
				C5A30ADB285147EF00A6723F /* TasksCellCollectionViewCell.swift in Sources */,
				EA99F3FF2845444100179D6E /* AppDelegate.swift in Sources */,
				C5A30ADF2851491800A6723F /* TasksRouterProtocol.swift in Sources */,
				C52E4BCD28468F3300DE44E3 /* TasksViewInput.swift in Sources */,
				C52E4BD3284690F300DE44E3 /* TasksConfigurator.swift in Sources */,
				EAC6FCB92857CDBA00677A85 /* Int+Ext.swift in Sources */,
				EACD35F228687AE300D94F0F /* Screens.swift in Sources */,
				C52E4BD12846903800DE44E3 /* TasksViewOutput.swift in Sources */,
				C52E4BCF28468FCB00DE44E3 /* TasksPresenter.swift in Sources */,
				EA1E675E286791CF004BF704 /* Task.swift in Sources */,
				C5A30ADD285148A700A6723F /* TasksRouter.swift in Sources */,
				EA4A251F285F6863001BA96C /* UIColor+Ext.swift in Sources */,
				EA99F4012845444100179D6E /* SceneDelegate.swift in Sources */,
				C52E4BCB28468E9F00DE44E3 /* TasksCVC.swift in Sources */,
			);
			runOnlyForDeploymentPostprocessing = 0;
		};
/* End PBXSourcesBuildPhase section */

/* Begin PBXVariantGroup section */
		EA99F4092845444200179D6E /* LaunchScreen.storyboard */ = {
			isa = PBXVariantGroup;
			children = (
				EA99F40A2845444200179D6E /* Base */,
			);
			name = LaunchScreen.storyboard;
			sourceTree = "<group>";
		};
/* End PBXVariantGroup section */

/* Begin XCBuildConfiguration section */
		EA99F40D2845444300179D6E /* Debug */ = {
			isa = XCBuildConfiguration;
			buildSettings = {
				ALWAYS_SEARCH_USER_PATHS = NO;
				CLANG_ANALYZER_NONNULL = YES;
				CLANG_ANALYZER_NUMBER_OBJECT_CONVERSION = YES_AGGRESSIVE;
				CLANG_CXX_LANGUAGE_STANDARD = "gnu++17";
				CLANG_CXX_LIBRARY = "libc++";
				CLANG_ENABLE_MODULES = YES;
				CLANG_ENABLE_OBJC_ARC = YES;
				CLANG_ENABLE_OBJC_WEAK = YES;
				CLANG_WARN_BLOCK_CAPTURE_AUTORELEASING = YES;
				CLANG_WARN_BOOL_CONVERSION = YES;
				CLANG_WARN_COMMA = YES;
				CLANG_WARN_CONSTANT_CONVERSION = YES;
				CLANG_WARN_DEPRECATED_OBJC_IMPLEMENTATIONS = YES;
				CLANG_WARN_DIRECT_OBJC_ISA_USAGE = YES_ERROR;
				CLANG_WARN_DOCUMENTATION_COMMENTS = YES;
				CLANG_WARN_EMPTY_BODY = YES;
				CLANG_WARN_ENUM_CONVERSION = YES;
				CLANG_WARN_INFINITE_RECURSION = YES;
				CLANG_WARN_INT_CONVERSION = YES;
				CLANG_WARN_NON_LITERAL_NULL_CONVERSION = YES;
				CLANG_WARN_OBJC_IMPLICIT_RETAIN_SELF = YES;
				CLANG_WARN_OBJC_LITERAL_CONVERSION = YES;
				CLANG_WARN_OBJC_ROOT_CLASS = YES_ERROR;
				CLANG_WARN_QUOTED_INCLUDE_IN_FRAMEWORK_HEADER = YES;
				CLANG_WARN_RANGE_LOOP_ANALYSIS = YES;
				CLANG_WARN_STRICT_PROTOTYPES = YES;
				CLANG_WARN_SUSPICIOUS_MOVE = YES;
				CLANG_WARN_UNGUARDED_AVAILABILITY = YES_AGGRESSIVE;
				CLANG_WARN_UNREACHABLE_CODE = YES;
				CLANG_WARN__DUPLICATE_METHOD_MATCH = YES;
				COPY_PHASE_STRIP = NO;
				DEBUG_INFORMATION_FORMAT = dwarf;
				ENABLE_STRICT_OBJC_MSGSEND = YES;
				ENABLE_TESTABILITY = YES;
				GCC_C_LANGUAGE_STANDARD = gnu11;
				GCC_DYNAMIC_NO_PIC = NO;
				GCC_NO_COMMON_BLOCKS = YES;
				GCC_OPTIMIZATION_LEVEL = 0;
				GCC_PREPROCESSOR_DEFINITIONS = (
					"DEBUG=1",
					"$(inherited)",
				);
				GCC_WARN_64_TO_32_BIT_CONVERSION = YES;
				GCC_WARN_ABOUT_RETURN_TYPE = YES_ERROR;
				GCC_WARN_UNDECLARED_SELECTOR = YES;
				GCC_WARN_UNINITIALIZED_AUTOS = YES_AGGRESSIVE;
				GCC_WARN_UNUSED_FUNCTION = YES;
				GCC_WARN_UNUSED_VARIABLE = YES;
				IPHONEOS_DEPLOYMENT_TARGET = 15.0;
				MTL_ENABLE_DEBUG_INFO = INCLUDE_SOURCE;
				MTL_FAST_MATH = YES;
				ONLY_ACTIVE_ARCH = YES;
				SDKROOT = iphoneos;
				SWIFT_ACTIVE_COMPILATION_CONDITIONS = DEBUG;
				SWIFT_OPTIMIZATION_LEVEL = "-Onone";
			};
			name = Debug;
		};
		EA99F40E2845444300179D6E /* Release */ = {
			isa = XCBuildConfiguration;
			buildSettings = {
				ALWAYS_SEARCH_USER_PATHS = NO;
				CLANG_ANALYZER_NONNULL = YES;
				CLANG_ANALYZER_NUMBER_OBJECT_CONVERSION = YES_AGGRESSIVE;
				CLANG_CXX_LANGUAGE_STANDARD = "gnu++17";
				CLANG_CXX_LIBRARY = "libc++";
				CLANG_ENABLE_MODULES = YES;
				CLANG_ENABLE_OBJC_ARC = YES;
				CLANG_ENABLE_OBJC_WEAK = YES;
				CLANG_WARN_BLOCK_CAPTURE_AUTORELEASING = YES;
				CLANG_WARN_BOOL_CONVERSION = YES;
				CLANG_WARN_COMMA = YES;
				CLANG_WARN_CONSTANT_CONVERSION = YES;
				CLANG_WARN_DEPRECATED_OBJC_IMPLEMENTATIONS = YES;
				CLANG_WARN_DIRECT_OBJC_ISA_USAGE = YES_ERROR;
				CLANG_WARN_DOCUMENTATION_COMMENTS = YES;
				CLANG_WARN_EMPTY_BODY = YES;
				CLANG_WARN_ENUM_CONVERSION = YES;
				CLANG_WARN_INFINITE_RECURSION = YES;
				CLANG_WARN_INT_CONVERSION = YES;
				CLANG_WARN_NON_LITERAL_NULL_CONVERSION = YES;
				CLANG_WARN_OBJC_IMPLICIT_RETAIN_SELF = YES;
				CLANG_WARN_OBJC_LITERAL_CONVERSION = YES;
				CLANG_WARN_OBJC_ROOT_CLASS = YES_ERROR;
				CLANG_WARN_QUOTED_INCLUDE_IN_FRAMEWORK_HEADER = YES;
				CLANG_WARN_RANGE_LOOP_ANALYSIS = YES;
				CLANG_WARN_STRICT_PROTOTYPES = YES;
				CLANG_WARN_SUSPICIOUS_MOVE = YES;
				CLANG_WARN_UNGUARDED_AVAILABILITY = YES_AGGRESSIVE;
				CLANG_WARN_UNREACHABLE_CODE = YES;
				CLANG_WARN__DUPLICATE_METHOD_MATCH = YES;
				COPY_PHASE_STRIP = NO;
				DEBUG_INFORMATION_FORMAT = "dwarf-with-dsym";
				ENABLE_NS_ASSERTIONS = NO;
				ENABLE_STRICT_OBJC_MSGSEND = YES;
				GCC_C_LANGUAGE_STANDARD = gnu11;
				GCC_NO_COMMON_BLOCKS = YES;
				GCC_WARN_64_TO_32_BIT_CONVERSION = YES;
				GCC_WARN_ABOUT_RETURN_TYPE = YES_ERROR;
				GCC_WARN_UNDECLARED_SELECTOR = YES;
				GCC_WARN_UNINITIALIZED_AUTOS = YES_AGGRESSIVE;
				GCC_WARN_UNUSED_FUNCTION = YES;
				GCC_WARN_UNUSED_VARIABLE = YES;
				IPHONEOS_DEPLOYMENT_TARGET = 15.0;
				MTL_ENABLE_DEBUG_INFO = NO;
				MTL_FAST_MATH = YES;
				SDKROOT = iphoneos;
				SWIFT_COMPILATION_MODE = wholemodule;
				SWIFT_OPTIMIZATION_LEVEL = "-O";
				VALIDATE_PRODUCT = YES;
			};
			name = Release;
		};
		EA99F4102845444300179D6E /* Debug */ = {
			isa = XCBuildConfiguration;
			buildSettings = {
				ASSETCATALOG_COMPILER_APPICON_NAME = AppIcon;
				ASSETCATALOG_COMPILER_GLOBAL_ACCENT_COLOR_NAME = AccentColor;
				CODE_SIGN_STYLE = Automatic;
				CURRENT_PROJECT_VERSION = 1;
				DEVELOPMENT_TEAM = QKTHPR44C2;
				GENERATE_INFOPLIST_FILE = YES;
				INFOPLIST_FILE = lubov/Info.plist;
				INFOPLIST_KEY_UIApplicationSupportsIndirectInputEvents = YES;
				INFOPLIST_KEY_UILaunchStoryboardName = LaunchScreen;
				INFOPLIST_KEY_UISupportedInterfaceOrientations_iPad = "UIInterfaceOrientationPortrait UIInterfaceOrientationPortraitUpsideDown UIInterfaceOrientationLandscapeLeft UIInterfaceOrientationLandscapeRight";
				INFOPLIST_KEY_UISupportedInterfaceOrientations_iPhone = "UIInterfaceOrientationPortrait UIInterfaceOrientationLandscapeLeft UIInterfaceOrientationLandscapeRight";
				LD_RUNPATH_SEARCH_PATHS = (
					"$(inherited)",
					"@executable_path/Frameworks",
				);
				MARKETING_VERSION = 1.0;
				PRODUCT_BUNDLE_IDENTIFIER = com.salantis.ramazan.team.lubov;
				PRODUCT_NAME = "$(TARGET_NAME)";
				SWIFT_EMIT_LOC_STRINGS = YES;
				SWIFT_VERSION = 5.0;
				TARGETED_DEVICE_FAMILY = "1,2";
			};
			name = Debug;
		};
		EA99F4112845444300179D6E /* Release */ = {
			isa = XCBuildConfiguration;
			buildSettings = {
				ASSETCATALOG_COMPILER_APPICON_NAME = AppIcon;
				ASSETCATALOG_COMPILER_GLOBAL_ACCENT_COLOR_NAME = AccentColor;
				CODE_SIGN_STYLE = Automatic;
				CURRENT_PROJECT_VERSION = 1;
				DEVELOPMENT_TEAM = QKTHPR44C2;
				GENERATE_INFOPLIST_FILE = YES;
				INFOPLIST_FILE = lubov/Info.plist;
				INFOPLIST_KEY_UIApplicationSupportsIndirectInputEvents = YES;
				INFOPLIST_KEY_UILaunchStoryboardName = LaunchScreen;
				INFOPLIST_KEY_UISupportedInterfaceOrientations_iPad = "UIInterfaceOrientationPortrait UIInterfaceOrientationPortraitUpsideDown UIInterfaceOrientationLandscapeLeft UIInterfaceOrientationLandscapeRight";
				INFOPLIST_KEY_UISupportedInterfaceOrientations_iPhone = "UIInterfaceOrientationPortrait UIInterfaceOrientationLandscapeLeft UIInterfaceOrientationLandscapeRight";
				LD_RUNPATH_SEARCH_PATHS = (
					"$(inherited)",
					"@executable_path/Frameworks",
				);
				MARKETING_VERSION = 1.0;
				PRODUCT_BUNDLE_IDENTIFIER = com.salantis.ramazan.team.lubov;
				PRODUCT_NAME = "$(TARGET_NAME)";
				SWIFT_EMIT_LOC_STRINGS = YES;
				SWIFT_VERSION = 5.0;
				TARGETED_DEVICE_FAMILY = "1,2";
			};
			name = Release;
		};
/* End XCBuildConfiguration section */

/* Begin XCConfigurationList section */
		EA99F3F62845444100179D6E /* Build configuration list for PBXProject "lubov" */ = {
			isa = XCConfigurationList;
			buildConfigurations = (
				EA99F40D2845444300179D6E /* Debug */,
				EA99F40E2845444300179D6E /* Release */,
			);
			defaultConfigurationIsVisible = 0;
			defaultConfigurationName = Release;
		};
		EA99F40F2845444300179D6E /* Build configuration list for PBXNativeTarget "lubov" */ = {
			isa = XCConfigurationList;
			buildConfigurations = (
				EA99F4102845444300179D6E /* Debug */,
				EA99F4112845444300179D6E /* Release */,
			);
			defaultConfigurationIsVisible = 0;
			defaultConfigurationName = Release;
		};
/* End XCConfigurationList section */
	};
	rootObject = EA99F3F32845444100179D6E /* Project object */;
}
