// !$*UTF8*$!
{
	archiveVersion = 1;
	classes = {
	};
	objectVersion = 55;
	objects = {

/* Begin PBXBuildFile section */
		2C49693B6EA488559F7C92BD /* Pods_lubov.framework in Frameworks */ = {isa = PBXBuildFile; fileRef = DD11D2CF13DEF9B21E6FE71B /* Pods_lubov.framework */; };
		C52E4BCB28468E9F00DE44E3 /* TasksCVC.swift in Sources */ = {isa = PBXBuildFile; fileRef = C52E4BCA28468E9F00DE44E3 /* TasksCVC.swift */; };
		C52E4BCD28468F3300DE44E3 /* TasksViewInput.swift in Sources */ = {isa = PBXBuildFile; fileRef = C52E4BCC28468F3300DE44E3 /* TasksViewInput.swift */; };
		C52E4BCF28468FCB00DE44E3 /* TasksPresenter.swift in Sources */ = {isa = PBXBuildFile; fileRef = C52E4BCE28468FCB00DE44E3 /* TasksPresenter.swift */; };
		C52E4BD12846903800DE44E3 /* TasksViewOutput.swift in Sources */ = {isa = PBXBuildFile; fileRef = C52E4BD02846903800DE44E3 /* TasksViewOutput.swift */; };
		C52E4BD3284690F300DE44E3 /* TasksConfigurator.swift in Sources */ = {isa = PBXBuildFile; fileRef = C52E4BD2284690F300DE44E3 /* TasksConfigurator.swift */; };
		C54516DE2872631A00619CD1 /* CrosswordConfigurator.swift in Sources */ = {isa = PBXBuildFile; fileRef = C54516DD2872631A00619CD1 /* CrosswordConfigurator.swift */; };
		C54516E0287263A900619CD1 /* CrosswordPresenter.swift in Sources */ = {isa = PBXBuildFile; fileRef = C54516DF287263A900619CD1 /* CrosswordPresenter.swift */; };
		C54516E22872647A00619CD1 /* CrosswordRouter.swift in Sources */ = {isa = PBXBuildFile; fileRef = C54516E12872647A00619CD1 /* CrosswordRouter.swift */; };
		C54516E4287264EA00619CD1 /* CrosswordVC.swift in Sources */ = {isa = PBXBuildFile; fileRef = C54516E3287264EA00619CD1 /* CrosswordVC.swift */; };
		C54A13A62872D9C9003FFC93 /* Strings.swift in Sources */ = {isa = PBXBuildFile; fileRef = C54A13A52872D9C9003FFC93 /* Strings.swift */; };
		C55AEAC0286893DA00EB0FFF /* KnownBySquareVC.swift in Sources */ = {isa = PBXBuildFile; fileRef = C55AEABF286893DA00EB0FFF /* KnownBySquareVC.swift */; };
		C55AEAC2286893E500EB0FFF /* KnownBySquarePresenter.swift in Sources */ = {isa = PBXBuildFile; fileRef = C55AEAC1286893E500EB0FFF /* KnownBySquarePresenter.swift */; };
		C55AEAC4286893F000EB0FFF /* KnownBySquareRouter.swift in Sources */ = {isa = PBXBuildFile; fileRef = C55AEAC3286893F000EB0FFF /* KnownBySquareRouter.swift */; };
		C55AEAC6286893FB00EB0FFF /* KnownBySquareConfigurator.swift in Sources */ = {isa = PBXBuildFile; fileRef = C55AEAC5286893FB00EB0FFF /* KnownBySquareConfigurator.swift */; };
		C55AEAC82868B77C00EB0FFF /* KnownBySquareRouterProtocol.swift in Sources */ = {isa = PBXBuildFile; fileRef = C55AEAC72868B77C00EB0FFF /* KnownBySquareRouterProtocol.swift */; };
		C55AEACA2868B80500EB0FFF /* KnownBySquareViewOutput.swift in Sources */ = {isa = PBXBuildFile; fileRef = C55AEAC92868B80500EB0FFF /* KnownBySquareViewOutput.swift */; };
		C55AEACC2868B80D00EB0FFF /* KnownBySquareViewInput.swift in Sources */ = {isa = PBXBuildFile; fileRef = C55AEACB2868B80D00EB0FFF /* KnownBySquareViewInput.swift */; };
		C56A0D7A286E2725008AA729 /* UINavigationController+Ext.swift in Sources */ = {isa = PBXBuildFile; fileRef = C56A0D79286E2725008AA729 /* UINavigationController+Ext.swift */; };
		C5A30ADB285147EF00A6723F /* TasksCellCollectionViewCell.swift in Sources */ = {isa = PBXBuildFile; fileRef = C5A30ADA285147EF00A6723F /* TasksCellCollectionViewCell.swift */; };
		C5A30ADD285148A700A6723F /* TasksRouter.swift in Sources */ = {isa = PBXBuildFile; fileRef = C5A30ADC285148A700A6723F /* TasksRouter.swift */; };
		C5A30ADF2851491800A6723F /* TasksRouterProtocol.swift in Sources */ = {isa = PBXBuildFile; fileRef = C5A30ADE2851491800A6723F /* TasksRouterProtocol.swift */; };
		EA2445A22873A19A00074EAE /* MemoryGamePresenter.swift in Sources */ = {isa = PBXBuildFile; fileRef = EA24459C2873A19A00074EAE /* MemoryGamePresenter.swift */; };
		EA2445A32873A19A00074EAE /* MemoryGameRouter.swift in Sources */ = {isa = PBXBuildFile; fileRef = EA24459D2873A19A00074EAE /* MemoryGameRouter.swift */; };
		EA2445A42873A19A00074EAE /* MemoryGameViewController.swift in Sources */ = {isa = PBXBuildFile; fileRef = EA24459E2873A19A00074EAE /* MemoryGameViewController.swift */; };
		EA2445A62873A19A00074EAE /* MemoryGameConfigurator.swift in Sources */ = {isa = PBXBuildFile; fileRef = EA2445A02873A19A00074EAE /* MemoryGameConfigurator.swift */; };
		EA2445A72873A19A00074EAE /* MemoryGameLogic.swift in Sources */ = {isa = PBXBuildFile; fileRef = EA2445A12873A19A00074EAE /* MemoryGameLogic.swift */; };
		EA2445AA2873A7B600074EAE /* MemoryCardCell.swift in Sources */ = {isa = PBXBuildFile; fileRef = EA2445A92873A7B600074EAE /* MemoryCardCell.swift */; };
		EA3152BC286BBC27008C7829 /* Task.xcdatamodeld in Sources */ = {isa = PBXBuildFile; fileRef = EA3152BA286BBC27008C7829 /* Task.xcdatamodeld */; };
		EA3152C0286BC9E8008C7829 /* TaskStorage.swift in Sources */ = {isa = PBXBuildFile; fileRef = EA3152BF286BC9E8008C7829 /* TaskStorage.swift */; };
		EA3152C2286BD862008C7829 /* UILabel+Ext.swift in Sources */ = {isa = PBXBuildFile; fileRef = EA3152C1286BD862008C7829 /* UILabel+Ext.swift */; };
		EA3152C4286BDF3E008C7829 /* Tasks+CoreData.swift in Sources */ = {isa = PBXBuildFile; fileRef = EA3152C3286BDF3E008C7829 /* Tasks+CoreData.swift */; };
		EA4A251F285F6863001BA96C /* UIColor+Ext.swift in Sources */ = {isa = PBXBuildFile; fileRef = EA4A251E285F6863001BA96C /* UIColor+Ext.swift */; };
		EA567C9B28760E760034EB42 /* Photos.swift in Sources */ = {isa = PBXBuildFile; fileRef = EA567C9A28760E760034EB42 /* Photos.swift */; };
		EA567C9D28760EAC0034EB42 /* CardStorage.swift in Sources */ = {isa = PBXBuildFile; fileRef = EA567C9C28760EAC0034EB42 /* CardStorage.swift */; };
		EA714D0F28764309007A88A5 /* UIOnboarding in Frameworks */ = {isa = PBXBuildFile; productRef = EA714D0E28764309007A88A5 /* UIOnboarding */; };
		EA714D1228764575007A88A5 /* UIOnboardingHelper.swift in Sources */ = {isa = PBXBuildFile; fileRef = EA714D1128764575007A88A5 /* UIOnboardingHelper.swift */; };
		EA99F3FF2845444100179D6E /* AppDelegate.swift in Sources */ = {isa = PBXBuildFile; fileRef = EA99F3FE2845444100179D6E /* AppDelegate.swift */; };
		EA99F4012845444100179D6E /* SceneDelegate.swift in Sources */ = {isa = PBXBuildFile; fileRef = EA99F4002845444100179D6E /* SceneDelegate.swift */; };
		EA99F4082845444200179D6E /* Assets.xcassets in Resources */ = {isa = PBXBuildFile; fileRef = EA99F4072845444200179D6E /* Assets.xcassets */; };
		EA99F40B2845444200179D6E /* LaunchScreen.storyboard in Resources */ = {isa = PBXBuildFile; fileRef = EA99F4092845444200179D6E /* LaunchScreen.storyboard */; };
		EAAF36EA286E6E3200AB7402 /* SimpleAlertview.swift in Sources */ = {isa = PBXBuildFile; fileRef = EAAF36E9286E6E3200AB7402 /* SimpleAlertview.swift */; };
		EAC6FCB92857CDBA00677A85 /* Int+Ext.swift in Sources */ = {isa = PBXBuildFile; fileRef = EAC6FCB82857CDBA00677A85 /* Int+Ext.swift */; };
		EACD35F228687AE300D94F0F /* Screens.swift in Sources */ = {isa = PBXBuildFile; fileRef = EACD35F128687AE300D94F0F /* Screens.swift */; };
		EAD8014C28747A07001AF563 /* Card.swift in Sources */ = {isa = PBXBuildFile; fileRef = EAD8014B28747A07001AF563 /* Card.swift */; };
		EAD8014F28748F0E001AF563 /* MemoryGameResult.swift in Sources */ = {isa = PBXBuildFile; fileRef = EAD8014E28748F0E001AF563 /* MemoryGameResult.swift */; };
		EAD801512874A5C5001AF563 /* toastySound.mp3 in Resources */ = {isa = PBXBuildFile; fileRef = EAD801502874A5C5001AF563 /* toastySound.mp3 */; };
		EAE545E028720E25009AEC10 /* BookCodePresenter.swift in Sources */ = {isa = PBXBuildFile; fileRef = EAE545DA28720E25009AEC10 /* BookCodePresenter.swift */; };
		EAE545E128720E25009AEC10 /* BookCodeRouter.swift in Sources */ = {isa = PBXBuildFile; fileRef = EAE545DB28720E25009AEC10 /* BookCodeRouter.swift */; };
		EAE545E228720E25009AEC10 /* BookCodeViewController.swift in Sources */ = {isa = PBXBuildFile; fileRef = EAE545DC28720E25009AEC10 /* BookCodeViewController.swift */; };
		EAE545E428720E25009AEC10 /* BookCodeConfigurator.swift in Sources */ = {isa = PBXBuildFile; fileRef = EAE545DE28720E25009AEC10 /* BookCodeConfigurator.swift */; };
		EAEB293C286E3E4F003A8BBC /* AlertView.swift in Sources */ = {isa = PBXBuildFile; fileRef = EAEB293B286E3E4F003A8BBC /* AlertView.swift */; };
		EAEB293F286E5036003A8BBC /* Errors.swift in Sources */ = {isa = PBXBuildFile; fileRef = EAEB293E286E5036003A8BBC /* Errors.swift */; };
		EAEB2941286E5138003A8BBC /* String+Ext.swift in Sources */ = {isa = PBXBuildFile; fileRef = EAEB2940286E5138003A8BBC /* String+Ext.swift */; };
/* End PBXBuildFile section */

/* Begin PBXFileReference section */
		16F15422DAAC859EB01D43E9 /* Pods-lubov.debug.xcconfig */ = {isa = PBXFileReference; includeInIndex = 1; lastKnownFileType = text.xcconfig; name = "Pods-lubov.debug.xcconfig"; path = "Target Support Files/Pods-lubov/Pods-lubov.debug.xcconfig"; sourceTree = "<group>"; };
		C52E4BCA28468E9F00DE44E3 /* TasksCVC.swift */ = {isa = PBXFileReference; lastKnownFileType = sourcecode.swift; path = TasksCVC.swift; sourceTree = "<group>"; };
		C52E4BCC28468F3300DE44E3 /* TasksViewInput.swift */ = {isa = PBXFileReference; lastKnownFileType = sourcecode.swift; path = TasksViewInput.swift; sourceTree = "<group>"; };
		C52E4BCE28468FCB00DE44E3 /* TasksPresenter.swift */ = {isa = PBXFileReference; lastKnownFileType = sourcecode.swift; path = TasksPresenter.swift; sourceTree = "<group>"; };
		C52E4BD02846903800DE44E3 /* TasksViewOutput.swift */ = {isa = PBXFileReference; lastKnownFileType = sourcecode.swift; path = TasksViewOutput.swift; sourceTree = "<group>"; };
		C52E4BD2284690F300DE44E3 /* TasksConfigurator.swift */ = {isa = PBXFileReference; lastKnownFileType = sourcecode.swift; path = TasksConfigurator.swift; sourceTree = "<group>"; };
		C54516DD2872631A00619CD1 /* CrosswordConfigurator.swift */ = {isa = PBXFileReference; lastKnownFileType = sourcecode.swift; path = CrosswordConfigurator.swift; sourceTree = "<group>"; };
		C54516DF287263A900619CD1 /* CrosswordPresenter.swift */ = {isa = PBXFileReference; lastKnownFileType = sourcecode.swift; path = CrosswordPresenter.swift; sourceTree = "<group>"; };
		C54516E12872647A00619CD1 /* CrosswordRouter.swift */ = {isa = PBXFileReference; lastKnownFileType = sourcecode.swift; path = CrosswordRouter.swift; sourceTree = "<group>"; };
		C54516E3287264EA00619CD1 /* CrosswordVC.swift */ = {isa = PBXFileReference; lastKnownFileType = sourcecode.swift; path = CrosswordVC.swift; sourceTree = "<group>"; };
		C54A13A52872D9C9003FFC93 /* Strings.swift */ = {isa = PBXFileReference; lastKnownFileType = sourcecode.swift; path = Strings.swift; sourceTree = "<group>"; };
		C55AEABF286893DA00EB0FFF /* KnownBySquareVC.swift */ = {isa = PBXFileReference; lastKnownFileType = sourcecode.swift; path = KnownBySquareVC.swift; sourceTree = "<group>"; };
		C55AEAC1286893E500EB0FFF /* KnownBySquarePresenter.swift */ = {isa = PBXFileReference; lastKnownFileType = sourcecode.swift; path = KnownBySquarePresenter.swift; sourceTree = "<group>"; };
		C55AEAC3286893F000EB0FFF /* KnownBySquareRouter.swift */ = {isa = PBXFileReference; lastKnownFileType = sourcecode.swift; path = KnownBySquareRouter.swift; sourceTree = "<group>"; };
		C55AEAC5286893FB00EB0FFF /* KnownBySquareConfigurator.swift */ = {isa = PBXFileReference; lastKnownFileType = sourcecode.swift; path = KnownBySquareConfigurator.swift; sourceTree = "<group>"; };
		C55AEAC72868B77C00EB0FFF /* KnownBySquareRouterProtocol.swift */ = {isa = PBXFileReference; lastKnownFileType = sourcecode.swift; path = KnownBySquareRouterProtocol.swift; sourceTree = "<group>"; };
		C55AEAC92868B80500EB0FFF /* KnownBySquareViewOutput.swift */ = {isa = PBXFileReference; lastKnownFileType = sourcecode.swift; path = KnownBySquareViewOutput.swift; sourceTree = "<group>"; };
		C55AEACB2868B80D00EB0FFF /* KnownBySquareViewInput.swift */ = {isa = PBXFileReference; lastKnownFileType = sourcecode.swift; path = KnownBySquareViewInput.swift; sourceTree = "<group>"; };
		C56A0D79286E2725008AA729 /* UINavigationController+Ext.swift */ = {isa = PBXFileReference; lastKnownFileType = sourcecode.swift; path = "UINavigationController+Ext.swift"; sourceTree = "<group>"; };
		C5A30ADA285147EF00A6723F /* TasksCellCollectionViewCell.swift */ = {isa = PBXFileReference; lastKnownFileType = sourcecode.swift; path = TasksCellCollectionViewCell.swift; sourceTree = "<group>"; };
		C5A30ADC285148A700A6723F /* TasksRouter.swift */ = {isa = PBXFileReference; lastKnownFileType = sourcecode.swift; path = TasksRouter.swift; sourceTree = "<group>"; };
		C5A30ADE2851491800A6723F /* TasksRouterProtocol.swift */ = {isa = PBXFileReference; lastKnownFileType = sourcecode.swift; path = TasksRouterProtocol.swift; sourceTree = "<group>"; };
		D3A1E880F4E0501C0D18BA99 /* Pods-lubov.release.xcconfig */ = {isa = PBXFileReference; includeInIndex = 1; lastKnownFileType = text.xcconfig; name = "Pods-lubov.release.xcconfig"; path = "Target Support Files/Pods-lubov/Pods-lubov.release.xcconfig"; sourceTree = "<group>"; };
		DD11D2CF13DEF9B21E6FE71B /* Pods_lubov.framework */ = {isa = PBXFileReference; explicitFileType = wrapper.framework; includeInIndex = 0; path = Pods_lubov.framework; sourceTree = BUILT_PRODUCTS_DIR; };
		EA24459C2873A19A00074EAE /* MemoryGamePresenter.swift */ = {isa = PBXFileReference; lastKnownFileType = sourcecode.swift; path = MemoryGamePresenter.swift; sourceTree = "<group>"; };
		EA24459D2873A19A00074EAE /* MemoryGameRouter.swift */ = {isa = PBXFileReference; lastKnownFileType = sourcecode.swift; path = MemoryGameRouter.swift; sourceTree = "<group>"; };
		EA24459E2873A19A00074EAE /* MemoryGameViewController.swift */ = {isa = PBXFileReference; lastKnownFileType = sourcecode.swift; path = MemoryGameViewController.swift; sourceTree = "<group>"; };
		EA2445A02873A19A00074EAE /* MemoryGameConfigurator.swift */ = {isa = PBXFileReference; lastKnownFileType = sourcecode.swift; path = MemoryGameConfigurator.swift; sourceTree = "<group>"; };
		EA2445A12873A19A00074EAE /* MemoryGameLogic.swift */ = {isa = PBXFileReference; lastKnownFileType = sourcecode.swift; path = MemoryGameLogic.swift; sourceTree = "<group>"; };
		EA2445A92873A7B600074EAE /* MemoryCardCell.swift */ = {isa = PBXFileReference; lastKnownFileType = sourcecode.swift; path = MemoryCardCell.swift; sourceTree = "<group>"; };
		EA3152BB286BBC27008C7829 /* Task.xcdatamodel */ = {isa = PBXFileReference; lastKnownFileType = wrapper.xcdatamodel; path = Task.xcdatamodel; sourceTree = "<group>"; };
		EA3152BF286BC9E8008C7829 /* TaskStorage.swift */ = {isa = PBXFileReference; lastKnownFileType = sourcecode.swift; path = TaskStorage.swift; sourceTree = "<group>"; };
		EA3152C1286BD862008C7829 /* UILabel+Ext.swift */ = {isa = PBXFileReference; lastKnownFileType = sourcecode.swift; path = "UILabel+Ext.swift"; sourceTree = "<group>"; };
		EA3152C3286BDF3E008C7829 /* Tasks+CoreData.swift */ = {isa = PBXFileReference; lastKnownFileType = sourcecode.swift; path = "Tasks+CoreData.swift"; sourceTree = "<group>"; };
		EA4A251E285F6863001BA96C /* UIColor+Ext.swift */ = {isa = PBXFileReference; lastKnownFileType = sourcecode.swift; path = "UIColor+Ext.swift"; sourceTree = "<group>"; };
		EA567C9A28760E760034EB42 /* Photos.swift */ = {isa = PBXFileReference; lastKnownFileType = sourcecode.swift; path = Photos.swift; sourceTree = "<group>"; };
		EA567C9C28760EAC0034EB42 /* CardStorage.swift */ = {isa = PBXFileReference; lastKnownFileType = sourcecode.swift; path = CardStorage.swift; sourceTree = "<group>"; };
		EA714D1128764575007A88A5 /* UIOnboardingHelper.swift */ = {isa = PBXFileReference; lastKnownFileType = sourcecode.swift; path = UIOnboardingHelper.swift; sourceTree = "<group>"; };
		EA99F3FB2845444100179D6E /* lubov.app */ = {isa = PBXFileReference; explicitFileType = wrapper.application; includeInIndex = 0; path = lubov.app; sourceTree = BUILT_PRODUCTS_DIR; };
		EA99F3FE2845444100179D6E /* AppDelegate.swift */ = {isa = PBXFileReference; lastKnownFileType = sourcecode.swift; path = AppDelegate.swift; sourceTree = "<group>"; };
		EA99F4002845444100179D6E /* SceneDelegate.swift */ = {isa = PBXFileReference; lastKnownFileType = sourcecode.swift; path = SceneDelegate.swift; sourceTree = "<group>"; };
		EA99F4072845444200179D6E /* Assets.xcassets */ = {isa = PBXFileReference; lastKnownFileType = folder.assetcatalog; path = Assets.xcassets; sourceTree = "<group>"; };
		EA99F40A2845444200179D6E /* Base */ = {isa = PBXFileReference; lastKnownFileType = file.storyboard; name = Base; path = Base.lproj/LaunchScreen.storyboard; sourceTree = "<group>"; };
		EA99F40C2845444300179D6E /* Info.plist */ = {isa = PBXFileReference; lastKnownFileType = text.plist.xml; path = Info.plist; sourceTree = "<group>"; };
		EAAF36E9286E6E3200AB7402 /* SimpleAlertview.swift */ = {isa = PBXFileReference; lastKnownFileType = sourcecode.swift; path = SimpleAlertview.swift; sourceTree = "<group>"; };
		EAC6FCB82857CDBA00677A85 /* Int+Ext.swift */ = {isa = PBXFileReference; lastKnownFileType = sourcecode.swift; path = "Int+Ext.swift"; sourceTree = "<group>"; };
		EACD35F128687AE300D94F0F /* Screens.swift */ = {isa = PBXFileReference; lastKnownFileType = sourcecode.swift; path = Screens.swift; sourceTree = "<group>"; };
		EAD8014B28747A07001AF563 /* Card.swift */ = {isa = PBXFileReference; lastKnownFileType = sourcecode.swift; path = Card.swift; sourceTree = "<group>"; };
		EAD8014E28748F0E001AF563 /* MemoryGameResult.swift */ = {isa = PBXFileReference; lastKnownFileType = sourcecode.swift; path = MemoryGameResult.swift; sourceTree = "<group>"; };
		EAD801502874A5C5001AF563 /* toastySound.mp3 */ = {isa = PBXFileReference; lastKnownFileType = audio.mp3; path = toastySound.mp3; sourceTree = "<group>"; };
		EAE545DA28720E25009AEC10 /* BookCodePresenter.swift */ = {isa = PBXFileReference; lastKnownFileType = sourcecode.swift; path = BookCodePresenter.swift; sourceTree = "<group>"; };
		EAE545DB28720E25009AEC10 /* BookCodeRouter.swift */ = {isa = PBXFileReference; lastKnownFileType = sourcecode.swift; path = BookCodeRouter.swift; sourceTree = "<group>"; };
		EAE545DC28720E25009AEC10 /* BookCodeViewController.swift */ = {isa = PBXFileReference; lastKnownFileType = sourcecode.swift; path = BookCodeViewController.swift; sourceTree = "<group>"; };
		EAE545DE28720E25009AEC10 /* BookCodeConfigurator.swift */ = {isa = PBXFileReference; lastKnownFileType = sourcecode.swift; path = BookCodeConfigurator.swift; sourceTree = "<group>"; };
		EAE545E82872149D009AEC10 /* Strings.swift */ = {isa = PBXFileReference; lastKnownFileType = sourcecode.swift; path = Strings.swift; sourceTree = "<group>"; };
		EAEB293B286E3E4F003A8BBC /* AlertView.swift */ = {isa = PBXFileReference; lastKnownFileType = sourcecode.swift; path = AlertView.swift; sourceTree = "<group>"; };
		EAEB293E286E5036003A8BBC /* Errors.swift */ = {isa = PBXFileReference; lastKnownFileType = sourcecode.swift; path = Errors.swift; sourceTree = "<group>"; };
		EAEB2940286E5138003A8BBC /* String+Ext.swift */ = {isa = PBXFileReference; lastKnownFileType = sourcecode.swift; path = "String+Ext.swift"; sourceTree = "<group>"; };
/* End PBXFileReference section */

/* Begin PBXFrameworksBuildPhase section */
		EA99F3F82845444100179D6E /* Frameworks */ = {
			isa = PBXFrameworksBuildPhase;
			buildActionMask = 2147483647;
			files = (
				2C49693B6EA488559F7C92BD /* Pods_lubov.framework in Frameworks */,
				EA714D0F28764309007A88A5 /* UIOnboarding in Frameworks */,
			);
			runOnlyForDeploymentPostprocessing = 0;
		};
/* End PBXFrameworksBuildPhase section */

/* Begin PBXGroup section */
		6CB9DC140FEF8F830C888B5B /* Pods */ = {
			isa = PBXGroup;
			children = (
				16F15422DAAC859EB01D43E9 /* Pods-lubov.debug.xcconfig */,
				D3A1E880F4E0501C0D18BA99 /* Pods-lubov.release.xcconfig */,
			);
			path = Pods;
			sourceTree = "<group>";
		};
		7DCC9220AF1446391102FCC0 /* Frameworks */ = {
			isa = PBXGroup;
			children = (
				DD11D2CF13DEF9B21E6FE71B /* Pods_lubov.framework */,
			);
			name = Frameworks;
			sourceTree = "<group>";
		};
		C52E4BC428468B6A00DE44E3 /* Modules */ = {
			isa = PBXGroup;
			children = (
				EA714D1028764564007A88A5 /* UIOnboarding */,
				C54516DC287262EA00619CD1 /* Crossword */,
				EA24459B2873A18700074EAE /* MemoryGame */,
				C55AEAB92868937900EB0FFF /* KnownBySquare */,
				C52E4BC528468B8A00DE44E3 /* Tasks */,
				EAE545E628720E31009AEC10 /* BookCode */,
			);
			path = Modules;
			sourceTree = "<group>";
		};
		C52E4BC528468B8A00DE44E3 /* Tasks */ = {
			isa = PBXGroup;
			children = (
				EA1E675C28679198004BF704 /* Model */,
				C52E4BC928468BE600DE44E3 /* Configurator */,
				C52E4BC828468BDD00DE44E3 /* Router */,
				C52E4BC728468BBA00DE44E3 /* Presenter */,
				C52E4BC628468BAA00DE44E3 /* View */,
			);
			path = Tasks;
			sourceTree = "<group>";
		};
		C52E4BC628468BAA00DE44E3 /* View */ = {
			isa = PBXGroup;
			children = (
				C5A30AD92851476E00A6723F /* Cell */,
				C52E4BCA28468E9F00DE44E3 /* TasksCVC.swift */,
				C52E4BCC28468F3300DE44E3 /* TasksViewInput.swift */,
			);
			path = View;
			sourceTree = "<group>";
		};
		C52E4BC728468BBA00DE44E3 /* Presenter */ = {
			isa = PBXGroup;
			children = (
				C52E4BCE28468FCB00DE44E3 /* TasksPresenter.swift */,
				EA3152C3286BDF3E008C7829 /* Tasks+CoreData.swift */,
				C52E4BD02846903800DE44E3 /* TasksViewOutput.swift */,
			);
			path = Presenter;
			sourceTree = "<group>";
		};
		C52E4BC828468BDD00DE44E3 /* Router */ = {
			isa = PBXGroup;
			children = (
				C5A30ADC285148A700A6723F /* TasksRouter.swift */,
				C5A30ADE2851491800A6723F /* TasksRouterProtocol.swift */,
			);
			path = Router;
			sourceTree = "<group>";
		};
		C52E4BC928468BE600DE44E3 /* Configurator */ = {
			isa = PBXGroup;
			children = (
				C52E4BD2284690F300DE44E3 /* TasksConfigurator.swift */,
			);
			path = Configurator;
			sourceTree = "<group>";
		};
		C54516DC287262EA00619CD1 /* Crossword */ = {
			isa = PBXGroup;
			children = (
				C54516DD2872631A00619CD1 /* CrosswordConfigurator.swift */,
				C54516DF287263A900619CD1 /* CrosswordPresenter.swift */,
				C54516E12872647A00619CD1 /* CrosswordRouter.swift */,
				C54516E3287264EA00619CD1 /* CrosswordVC.swift */,
				EAD801502874A5C5001AF563 /* toastySound.mp3 */,
			);
			path = Crossword;
			sourceTree = "<group>";
		};
		C54A13A32872D993003FFC93 /* Recovered References */ = {
			isa = PBXGroup;
			children = (
				EAE545E82872149D009AEC10 /* Strings.swift */,
			);
			name = "Recovered References";
			sourceTree = "<group>";
		};
		C54A13A42872D9C2003FFC93 /* Shared */ = {
			isa = PBXGroup;
			children = (
				C54A13A52872D9C9003FFC93 /* Strings.swift */,
			);
			path = Shared;
			sourceTree = "<group>";
		};
		C55AEAB92868937900EB0FFF /* KnownBySquare */ = {
			isa = PBXGroup;
			children = (
				C55AEABD286893AB00EB0FFF /* Configurator */,
				C55AEABC286893A600EB0FFF /* Router */,
				C55AEABB2868939300EB0FFF /* Presenter */,
				C55AEABA2868938A00EB0FFF /* View */,
			);
			path = KnownBySquare;
			sourceTree = "<group>";
		};
		C55AEABA2868938A00EB0FFF /* View */ = {
			isa = PBXGroup;
			children = (
				C55AEABF286893DA00EB0FFF /* KnownBySquareVC.swift */,
				C55AEACB2868B80D00EB0FFF /* KnownBySquareViewInput.swift */,
			);
			path = View;
			sourceTree = "<group>";
		};
		C55AEABB2868939300EB0FFF /* Presenter */ = {
			isa = PBXGroup;
			children = (
				C55AEAC1286893E500EB0FFF /* KnownBySquarePresenter.swift */,
				C55AEAC92868B80500EB0FFF /* KnownBySquareViewOutput.swift */,
			);
			path = Presenter;
			sourceTree = "<group>";
		};
		C55AEABC286893A600EB0FFF /* Router */ = {
			isa = PBXGroup;
			children = (
				C55AEAC3286893F000EB0FFF /* KnownBySquareRouter.swift */,
				C55AEAC72868B77C00EB0FFF /* KnownBySquareRouterProtocol.swift */,
			);
			path = Router;
			sourceTree = "<group>";
		};
		C55AEABD286893AB00EB0FFF /* Configurator */ = {
			isa = PBXGroup;
			children = (
				C55AEAC5286893FB00EB0FFF /* KnownBySquareConfigurator.swift */,
			);
			path = Configurator;
			sourceTree = "<group>";
		};
		C5A30AD92851476E00A6723F /* Cell */ = {
			isa = PBXGroup;
			children = (
				C5A30ADA285147EF00A6723F /* TasksCellCollectionViewCell.swift */,
			);
			path = Cell;
			sourceTree = "<group>";
		};
		EA1E675C28679198004BF704 /* Model */ = {
			isa = PBXGroup;
			children = (
				EACD35F128687AE300D94F0F /* Screens.swift */,
				EA3152BA286BBC27008C7829 /* Task.xcdatamodeld */,
			);
			path = Model;
			sourceTree = "<group>";
		};
		EA24459B2873A18700074EAE /* MemoryGame */ = {
			isa = PBXGroup;
			children = (
				EA2445A82873A78200074EAE /* Views */,
				EA24459C2873A19A00074EAE /* MemoryGamePresenter.swift */,
				EA24459D2873A19A00074EAE /* MemoryGameRouter.swift */,
				EA2445A02873A19A00074EAE /* MemoryGameConfigurator.swift */,
				EAD8014D28747A10001AF563 /* Models */,
			);
			path = MemoryGame;
			sourceTree = "<group>";
		};
		EA2445A82873A78200074EAE /* Views */ = {
			isa = PBXGroup;
			children = (
				EA24459E2873A19A00074EAE /* MemoryGameViewController.swift */,
				EA2445A92873A7B600074EAE /* MemoryCardCell.swift */,
			);
			path = Views;
			sourceTree = "<group>";
		};
		EA3152BE286BC9A4008C7829 /* Storage */ = {
			isa = PBXGroup;
			children = (
				EA3152BF286BC9E8008C7829 /* TaskStorage.swift */,
				EA567C9A28760E760034EB42 /* Photos.swift */,
				EA567C9C28760EAC0034EB42 /* CardStorage.swift */,
			);
			path = Storage;
			sourceTree = "<group>";
		};
		EA714D1028764564007A88A5 /* UIOnboarding */ = {
			isa = PBXGroup;
			children = (
				EA714D1128764575007A88A5 /* UIOnboardingHelper.swift */,
			);
			path = UIOnboarding;
			sourceTree = "<group>";
		};
		EA99F3F22845444100179D6E = {
			isa = PBXGroup;
			children = (
				EA99F3FD2845444100179D6E /* lubov */,
				EA99F3FC2845444100179D6E /* Products */,
				6CB9DC140FEF8F830C888B5B /* Pods */,
				7DCC9220AF1446391102FCC0 /* Frameworks */,
				C54A13A32872D993003FFC93 /* Recovered References */,
			);
			sourceTree = "<group>";
		};
		EA99F3FC2845444100179D6E /* Products */ = {
			isa = PBXGroup;
			children = (
				EA99F3FB2845444100179D6E /* lubov.app */,
			);
			name = Products;
			sourceTree = "<group>";
		};
		EA99F3FD2845444100179D6E /* lubov */ = {
			isa = PBXGroup;
			children = (
				EAC6FCB72857CD9300677A85 /* Common */,
				C52E4BC428468B6A00DE44E3 /* Modules */,
				EA99F3FE2845444100179D6E /* AppDelegate.swift */,
				EA99F4002845444100179D6E /* SceneDelegate.swift */,
				EA99F4072845444200179D6E /* Assets.xcassets */,
				EA99F4092845444200179D6E /* LaunchScreen.storyboard */,
				EA99F40C2845444300179D6E /* Info.plist */,
			);
			path = lubov;
			sourceTree = "<group>";
		};
		EAC6FCB72857CD9300677A85 /* Common */ = {
			isa = PBXGroup;
			children = (
				EA3152BE286BC9A4008C7829 /* Storage */,
				C54A13A42872D9C2003FFC93 /* Shared */,
				EAEB293A286E3E3A003A8BBC /* Controls */,
				EAEB293D286E5024003A8BBC /* Extensions */,
			);
			path = Common;
			sourceTree = "<group>";
		};
		EAD8014D28747A10001AF563 /* Models */ = {
			isa = PBXGroup;
			children = (
				EA2445A12873A19A00074EAE /* MemoryGameLogic.swift */,
				EAD8014E28748F0E001AF563 /* MemoryGameResult.swift */,
				EAD8014B28747A07001AF563 /* Card.swift */,
			);
			path = Models;
			sourceTree = "<group>";
		};
		EAE545E628720E31009AEC10 /* BookCode */ = {
			isa = PBXGroup;
			children = (
				EAE545DA28720E25009AEC10 /* BookCodePresenter.swift */,
				EAE545DB28720E25009AEC10 /* BookCodeRouter.swift */,
				EAE545DC28720E25009AEC10 /* BookCodeViewController.swift */,
				EAE545DE28720E25009AEC10 /* BookCodeConfigurator.swift */,
			);
			path = BookCode;
			sourceTree = "<group>";
		};
		EAEB293A286E3E3A003A8BBC /* Controls */ = {
			isa = PBXGroup;
			children = (
				EAEB293B286E3E4F003A8BBC /* AlertView.swift */,
				EAAF36E9286E6E3200AB7402 /* SimpleAlertview.swift */,
			);
			path = Controls;
			sourceTree = "<group>";
		};
		EAEB293D286E5024003A8BBC /* Extensions */ = {
			isa = PBXGroup;
			children = (
				EAC6FCB82857CDBA00677A85 /* Int+Ext.swift */,
				EA4A251E285F6863001BA96C /* UIColor+Ext.swift */,
				C56A0D79286E2725008AA729 /* UINavigationController+Ext.swift */,
				EA3152C1286BD862008C7829 /* UILabel+Ext.swift */,
				EAEB293E286E5036003A8BBC /* Errors.swift */,
				EAEB2940286E5138003A8BBC /* String+Ext.swift */,
			);
			path = Extensions;
			sourceTree = "<group>";
		};
/* End PBXGroup section */

/* Begin PBXNativeTarget section */
		EA99F3FA2845444100179D6E /* lubov */ = {
			isa = PBXNativeTarget;
			buildConfigurationList = EA99F40F2845444300179D6E /* Build configuration list for PBXNativeTarget "lubov" */;
			buildPhases = (
				3AC7E84C393E3DE1F55F5419 /* [CP] Check Pods Manifest.lock */,
				EA99F3F72845444100179D6E /* Sources */,
				EA99F3F82845444100179D6E /* Frameworks */,
				EA99F3F92845444100179D6E /* Resources */,
				06FDDDD977BEF90C4D998021 /* [CP] Embed Pods Frameworks */,
			);
			buildRules = (
			);
			dependencies = (
			);
			name = lubov;
			packageProductDependencies = (
				EA714D0E28764309007A88A5 /* UIOnboarding */,
			);
			productName = lubov;
			productReference = EA99F3FB2845444100179D6E /* lubov.app */;
			productType = "com.apple.product-type.application";
		};
/* End PBXNativeTarget section */

/* Begin PBXProject section */
		EA99F3F32845444100179D6E /* Project object */ = {
			isa = PBXProject;
			attributes = {
				BuildIndependentTargetsInParallel = 1;
				LastSwiftUpdateCheck = 1310;
				LastUpgradeCheck = 1310;
				TargetAttributes = {
					EA99F3FA2845444100179D6E = {
						CreatedOnToolsVersion = 13.1;
					};
				};
			};
			buildConfigurationList = EA99F3F62845444100179D6E /* Build configuration list for PBXProject "lubov" */;
			compatibilityVersion = "Xcode 13.0";
			developmentRegion = en;
			hasScannedForEncodings = 0;
			knownRegions = (
				en,
				Base,
			);
			mainGroup = EA99F3F22845444100179D6E;
			packageReferences = (
				EA714D0D28764309007A88A5 /* XCRemoteSwiftPackageReference "UIOnboarding" */,
			);
			productRefGroup = EA99F3FC2845444100179D6E /* Products */;
			projectDirPath = "";
			projectRoot = "";
			targets = (
				EA99F3FA2845444100179D6E /* lubov */,
			);
		};
/* End PBXProject section */

/* Begin PBXResourcesBuildPhase section */
		EA99F3F92845444100179D6E /* Resources */ = {
			isa = PBXResourcesBuildPhase;
			buildActionMask = 2147483647;
			files = (
				EAD801512874A5C5001AF563 /* toastySound.mp3 in Resources */,
				EA99F40B2845444200179D6E /* LaunchScreen.storyboard in Resources */,
				EA99F4082845444200179D6E /* Assets.xcassets in Resources */,
			);
			runOnlyForDeploymentPostprocessing = 0;
		};
/* End PBXResourcesBuildPhase section */

/* Begin PBXShellScriptBuildPhase section */
		06FDDDD977BEF90C4D998021 /* [CP] Embed Pods Frameworks */ = {
			isa = PBXShellScriptBuildPhase;
			buildActionMask = 2147483647;
			files = (
			);
			inputFileListPaths = (
				"${PODS_ROOT}/Target Support Files/Pods-lubov/Pods-lubov-frameworks-${CONFIGURATION}-input-files.xcfilelist",
			);
			name = "[CP] Embed Pods Frameworks";
			outputFileListPaths = (
				"${PODS_ROOT}/Target Support Files/Pods-lubov/Pods-lubov-frameworks-${CONFIGURATION}-output-files.xcfilelist",
			);
			runOnlyForDeploymentPostprocessing = 0;
			shellPath = /bin/sh;
			shellScript = "\"${PODS_ROOT}/Target Support Files/Pods-lubov/Pods-lubov-frameworks.sh\"\n";
			showEnvVarsInLog = 0;
		};
		3AC7E84C393E3DE1F55F5419 /* [CP] Check Pods Manifest.lock */ = {
			isa = PBXShellScriptBuildPhase;
			buildActionMask = 2147483647;
			files = (
			);
			inputFileListPaths = (
			);
			inputPaths = (
				"${PODS_PODFILE_DIR_PATH}/Podfile.lock",
				"${PODS_ROOT}/Manifest.lock",
			);
			name = "[CP] Check Pods Manifest.lock";
			outputFileListPaths = (
			);
			outputPaths = (
				"$(DERIVED_FILE_DIR)/Pods-lubov-checkManifestLockResult.txt",
			);
			runOnlyForDeploymentPostprocessing = 0;
			shellPath = /bin/sh;
			shellScript = "diff \"${PODS_PODFILE_DIR_PATH}/Podfile.lock\" \"${PODS_ROOT}/Manifest.lock\" > /dev/null\nif [ $? != 0 ] ; then\n    # print error to STDERR\n    echo \"error: The sandbox is not in sync with the Podfile.lock. Run 'pod install' or update your CocoaPods installation.\" >&2\n    exit 1\nfi\n# This output is used by Xcode 'outputs' to avoid re-running this script phase.\necho \"SUCCESS\" > \"${SCRIPT_OUTPUT_FILE_0}\"\n";
			showEnvVarsInLog = 0;
		};
/* End PBXShellScriptBuildPhase section */

/* Begin PBXSourcesBuildPhase section */
		EA99F3F72845444100179D6E /* Sources */ = {
			isa = PBXSourcesBuildPhase;
			buildActionMask = 2147483647;
			files = (
				C56A0D7A286E2725008AA729 /* UINavigationController+Ext.swift in Sources */,
				C54516DE2872631A00619CD1 /* CrosswordConfigurator.swift in Sources */,
				C5A30ADB285147EF00A6723F /* TasksCellCollectionViewCell.swift in Sources */,
				EA99F3FF2845444100179D6E /* AppDelegate.swift in Sources */,
				EA3152C2286BD862008C7829 /* UILabel+Ext.swift in Sources */,
				C5A30ADF2851491800A6723F /* TasksRouterProtocol.swift in Sources */,
				C54516E4287264EA00619CD1 /* CrosswordVC.swift in Sources */,
				C54A13A62872D9C9003FFC93 /* Strings.swift in Sources */,
				EA3152C4286BDF3E008C7829 /* Tasks+CoreData.swift in Sources */,
				EAD8014F28748F0E001AF563 /* MemoryGameResult.swift in Sources */,
				C52E4BCD28468F3300DE44E3 /* TasksViewInput.swift in Sources */,
				EAAF36EA286E6E3200AB7402 /* SimpleAlertview.swift in Sources */,
				EAEB293F286E5036003A8BBC /* Errors.swift in Sources */,
				C55AEAC6286893FB00EB0FFF /* KnownBySquareConfigurator.swift in Sources */,
				EA2445A62873A19A00074EAE /* MemoryGameConfigurator.swift in Sources */,
				C52E4BD3284690F300DE44E3 /* TasksConfigurator.swift in Sources */,
				EAC6FCB92857CDBA00677A85 /* Int+Ext.swift in Sources */,
				EA2445A32873A19A00074EAE /* MemoryGameRouter.swift in Sources */,
				EACD35F228687AE300D94F0F /* Screens.swift in Sources */,
				EA2445A22873A19A00074EAE /* MemoryGamePresenter.swift in Sources */,
				C55AEAC0286893DA00EB0FFF /* KnownBySquareVC.swift in Sources */,
				EA2445AA2873A7B600074EAE /* MemoryCardCell.swift in Sources */,
				C55AEAC2286893E500EB0FFF /* KnownBySquarePresenter.swift in Sources */,
				C52E4BD12846903800DE44E3 /* TasksViewOutput.swift in Sources */,
				EA2445A42873A19A00074EAE /* MemoryGameViewController.swift in Sources */,
				EA2445A72873A19A00074EAE /* MemoryGameLogic.swift in Sources */,
				C52E4BCF28468FCB00DE44E3 /* TasksPresenter.swift in Sources */,
				EA3152BC286BBC27008C7829 /* Task.xcdatamodeld in Sources */,
				C55AEACC2868B80D00EB0FFF /* KnownBySquareViewInput.swift in Sources */,
				C55AEAC4286893F000EB0FFF /* KnownBySquareRouter.swift in Sources */,
				EAE545E128720E25009AEC10 /* BookCodeRouter.swift in Sources */,
				EAD8014C28747A07001AF563 /* Card.swift in Sources */,
				EAE545E428720E25009AEC10 /* BookCodeConfigurator.swift in Sources */,
				C54516E0287263A900619CD1 /* CrosswordPresenter.swift in Sources */,
				EA567C9B28760E760034EB42 /* Photos.swift in Sources */,
				C55AEAC82868B77C00EB0FFF /* KnownBySquareRouterProtocol.swift in Sources */,
				EA714D1228764575007A88A5 /* UIOnboardingHelper.swift in Sources */,
				C54516E22872647A00619CD1 /* CrosswordRouter.swift in Sources */,
				C5A30ADD285148A700A6723F /* TasksRouter.swift in Sources */,
				EA4A251F285F6863001BA96C /* UIColor+Ext.swift in Sources */,
				EAEB2941286E5138003A8BBC /* String+Ext.swift in Sources */,
				EAE545E028720E25009AEC10 /* BookCodePresenter.swift in Sources */,
				EAEB293C286E3E4F003A8BBC /* AlertView.swift in Sources */,
				C55AEACA2868B80500EB0FFF /* KnownBySquareViewOutput.swift in Sources */,
				EA567C9D28760EAC0034EB42 /* CardStorage.swift in Sources */,
				EAE545E228720E25009AEC10 /* BookCodeViewController.swift in Sources */,
				EA99F4012845444100179D6E /* SceneDelegate.swift in Sources */,
				EA3152C0286BC9E8008C7829 /* TaskStorage.swift in Sources */,
				C52E4BCB28468E9F00DE44E3 /* TasksCVC.swift in Sources */,
			);
			runOnlyForDeploymentPostprocessing = 0;
		};
/* End PBXSourcesBuildPhase section */

/* Begin PBXVariantGroup section */
		EA99F4092845444200179D6E /* LaunchScreen.storyboard */ = {
			isa = PBXVariantGroup;
			children = (
				EA99F40A2845444200179D6E /* Base */,
			);
			name = LaunchScreen.storyboard;
			sourceTree = "<group>";
		};
/* End PBXVariantGroup section */

/* Begin XCBuildConfiguration section */
		EA99F40D2845444300179D6E /* Debug */ = {
			isa = XCBuildConfiguration;
			buildSettings = {
				ALWAYS_SEARCH_USER_PATHS = NO;
				CLANG_ANALYZER_NONNULL = YES;
				CLANG_ANALYZER_NUMBER_OBJECT_CONVERSION = YES_AGGRESSIVE;
				CLANG_CXX_LANGUAGE_STANDARD = "gnu++17";
				CLANG_CXX_LIBRARY = "libc++";
				CLANG_ENABLE_MODULES = YES;
				CLANG_ENABLE_OBJC_ARC = YES;
				CLANG_ENABLE_OBJC_WEAK = YES;
				CLANG_WARN_BLOCK_CAPTURE_AUTORELEASING = YES;
				CLANG_WARN_BOOL_CONVERSION = YES;
				CLANG_WARN_COMMA = YES;
				CLANG_WARN_CONSTANT_CONVERSION = YES;
				CLANG_WARN_DEPRECATED_OBJC_IMPLEMENTATIONS = YES;
				CLANG_WARN_DIRECT_OBJC_ISA_USAGE = YES_ERROR;
				CLANG_WARN_DOCUMENTATION_COMMENTS = YES;
				CLANG_WARN_EMPTY_BODY = YES;
				CLANG_WARN_ENUM_CONVERSION = YES;
				CLANG_WARN_INFINITE_RECURSION = YES;
				CLANG_WARN_INT_CONVERSION = YES;
				CLANG_WARN_NON_LITERAL_NULL_CONVERSION = YES;
				CLANG_WARN_OBJC_IMPLICIT_RETAIN_SELF = YES;
				CLANG_WARN_OBJC_LITERAL_CONVERSION = YES;
				CLANG_WARN_OBJC_ROOT_CLASS = YES_ERROR;
				CLANG_WARN_QUOTED_INCLUDE_IN_FRAMEWORK_HEADER = YES;
				CLANG_WARN_RANGE_LOOP_ANALYSIS = YES;
				CLANG_WARN_STRICT_PROTOTYPES = YES;
				CLANG_WARN_SUSPICIOUS_MOVE = YES;
				CLANG_WARN_UNGUARDED_AVAILABILITY = YES_AGGRESSIVE;
				CLANG_WARN_UNREACHABLE_CODE = YES;
				CLANG_WARN__DUPLICATE_METHOD_MATCH = YES;
				COPY_PHASE_STRIP = NO;
				DEBUG_INFORMATION_FORMAT = dwarf;
				ENABLE_STRICT_OBJC_MSGSEND = YES;
				ENABLE_TESTABILITY = YES;
				GCC_C_LANGUAGE_STANDARD = gnu11;
				GCC_DYNAMIC_NO_PIC = NO;
				GCC_NO_COMMON_BLOCKS = YES;
				GCC_OPTIMIZATION_LEVEL = 0;
				GCC_PREPROCESSOR_DEFINITIONS = (
					"DEBUG=1",
					"$(inherited)",
				);
				GCC_WARN_64_TO_32_BIT_CONVERSION = YES;
				GCC_WARN_ABOUT_RETURN_TYPE = YES_ERROR;
				GCC_WARN_UNDECLARED_SELECTOR = YES;
				GCC_WARN_UNINITIALIZED_AUTOS = YES_AGGRESSIVE;
				GCC_WARN_UNUSED_FUNCTION = YES;
				GCC_WARN_UNUSED_VARIABLE = YES;
				IPHONEOS_DEPLOYMENT_TARGET = 15.0;
				MTL_ENABLE_DEBUG_INFO = INCLUDE_SOURCE;
				MTL_FAST_MATH = YES;
				ONLY_ACTIVE_ARCH = YES;
				SDKROOT = iphoneos;
				SWIFT_ACTIVE_COMPILATION_CONDITIONS = DEBUG;
				SWIFT_OPTIMIZATION_LEVEL = "-Onone";
			};
			name = Debug;
		};
		EA99F40E2845444300179D6E /* Release */ = {
			isa = XCBuildConfiguration;
			buildSettings = {
				ALWAYS_SEARCH_USER_PATHS = NO;
				CLANG_ANALYZER_NONNULL = YES;
				CLANG_ANALYZER_NUMBER_OBJECT_CONVERSION = YES_AGGRESSIVE;
				CLANG_CXX_LANGUAGE_STANDARD = "gnu++17";
				CLANG_CXX_LIBRARY = "libc++";
				CLANG_ENABLE_MODULES = YES;
				CLANG_ENABLE_OBJC_ARC = YES;
				CLANG_ENABLE_OBJC_WEAK = YES;
				CLANG_WARN_BLOCK_CAPTURE_AUTORELEASING = YES;
				CLANG_WARN_BOOL_CONVERSION = YES;
				CLANG_WARN_COMMA = YES;
				CLANG_WARN_CONSTANT_CONVERSION = YES;
				CLANG_WARN_DEPRECATED_OBJC_IMPLEMENTATIONS = YES;
				CLANG_WARN_DIRECT_OBJC_ISA_USAGE = YES_ERROR;
				CLANG_WARN_DOCUMENTATION_COMMENTS = YES;
				CLANG_WARN_EMPTY_BODY = YES;
				CLANG_WARN_ENUM_CONVERSION = YES;
				CLANG_WARN_INFINITE_RECURSION = YES;
				CLANG_WARN_INT_CONVERSION = YES;
				CLANG_WARN_NON_LITERAL_NULL_CONVERSION = YES;
				CLANG_WARN_OBJC_IMPLICIT_RETAIN_SELF = YES;
				CLANG_WARN_OBJC_LITERAL_CONVERSION = YES;
				CLANG_WARN_OBJC_ROOT_CLASS = YES_ERROR;
				CLANG_WARN_QUOTED_INCLUDE_IN_FRAMEWORK_HEADER = YES;
				CLANG_WARN_RANGE_LOOP_ANALYSIS = YES;
				CLANG_WARN_STRICT_PROTOTYPES = YES;
				CLANG_WARN_SUSPICIOUS_MOVE = YES;
				CLANG_WARN_UNGUARDED_AVAILABILITY = YES_AGGRESSIVE;
				CLANG_WARN_UNREACHABLE_CODE = YES;
				CLANG_WARN__DUPLICATE_METHOD_MATCH = YES;
				COPY_PHASE_STRIP = NO;
				DEBUG_INFORMATION_FORMAT = "dwarf-with-dsym";
				ENABLE_NS_ASSERTIONS = NO;
				ENABLE_STRICT_OBJC_MSGSEND = YES;
				GCC_C_LANGUAGE_STANDARD = gnu11;
				GCC_NO_COMMON_BLOCKS = YES;
				GCC_WARN_64_TO_32_BIT_CONVERSION = YES;
				GCC_WARN_ABOUT_RETURN_TYPE = YES_ERROR;
				GCC_WARN_UNDECLARED_SELECTOR = YES;
				GCC_WARN_UNINITIALIZED_AUTOS = YES_AGGRESSIVE;
				GCC_WARN_UNUSED_FUNCTION = YES;
				GCC_WARN_UNUSED_VARIABLE = YES;
				IPHONEOS_DEPLOYMENT_TARGET = 15.0;
				MTL_ENABLE_DEBUG_INFO = NO;
				MTL_FAST_MATH = YES;
				SDKROOT = iphoneos;
				SWIFT_COMPILATION_MODE = wholemodule;
				SWIFT_OPTIMIZATION_LEVEL = "-O";
				VALIDATE_PRODUCT = YES;
			};
			name = Release;
		};
		EA99F4102845444300179D6E /* Debug */ = {
			isa = XCBuildConfiguration;
			baseConfigurationReference = 16F15422DAAC859EB01D43E9 /* Pods-lubov.debug.xcconfig */;
			buildSettings = {
				ASSETCATALOG_COMPILER_APPICON_NAME = AppIcon;
				ASSETCATALOG_COMPILER_GLOBAL_ACCENT_COLOR_NAME = AccentColor;
				CODE_SIGN_STYLE = Automatic;
				CURRENT_PROJECT_VERSION = 1;
				DEVELOPMENT_TEAM = QKTHPR44C2;
				GENERATE_INFOPLIST_FILE = YES;
				INFOPLIST_FILE = lubov/Info.plist;
				INFOPLIST_KEY_UIApplicationSupportsIndirectInputEvents = YES;
				INFOPLIST_KEY_UILaunchStoryboardName = LaunchScreen;
				INFOPLIST_KEY_UISupportedInterfaceOrientations = "";
				INFOPLIST_KEY_UISupportedInterfaceOrientations_iPad = "UIInterfaceOrientationPortrait UIInterfaceOrientationPortraitUpsideDown UIInterfaceOrientationLandscapeLeft UIInterfaceOrientationLandscapeRight";
				INFOPLIST_KEY_UISupportedInterfaceOrientations_iPhone = "UIInterfaceOrientationPortrait UIInterfaceOrientationLandscapeLeft UIInterfaceOrientationLandscapeRight";
				LD_RUNPATH_SEARCH_PATHS = (
					"$(inherited)",
					"@executable_path/Frameworks",
				);
				MARKETING_VERSION = 1.0;
				PRODUCT_BUNDLE_IDENTIFIER = com.salantis.ramazan.team.lubov;
				PRODUCT_NAME = "$(TARGET_NAME)";
				SWIFT_EMIT_LOC_STRINGS = YES;
				SWIFT_VERSION = 5.0;
				TARGETED_DEVICE_FAMILY = 1;
			};
			name = Debug;
		};
		EA99F4112845444300179D6E /* Release */ = {
			isa = XCBuildConfiguration;
			baseConfigurationReference = D3A1E880F4E0501C0D18BA99 /* Pods-lubov.release.xcconfig */;
			buildSettings = {
				ASSETCATALOG_COMPILER_APPICON_NAME = AppIcon;
				ASSETCATALOG_COMPILER_GLOBAL_ACCENT_COLOR_NAME = AccentColor;
				CODE_SIGN_STYLE = Automatic;
				CURRENT_PROJECT_VERSION = 1;
				DEVELOPMENT_TEAM = QKTHPR44C2;
				GENERATE_INFOPLIST_FILE = YES;
				INFOPLIST_FILE = lubov/Info.plist;
				INFOPLIST_KEY_UIApplicationSupportsIndirectInputEvents = YES;
				INFOPLIST_KEY_UILaunchStoryboardName = LaunchScreen;
				INFOPLIST_KEY_UISupportedInterfaceOrientations = "";
				INFOPLIST_KEY_UISupportedInterfaceOrientations_iPad = "UIInterfaceOrientationPortrait UIInterfaceOrientationPortraitUpsideDown UIInterfaceOrientationLandscapeLeft UIInterfaceOrientationLandscapeRight";
				INFOPLIST_KEY_UISupportedInterfaceOrientations_iPhone = "UIInterfaceOrientationPortrait UIInterfaceOrientationLandscapeLeft UIInterfaceOrientationLandscapeRight";
				LD_RUNPATH_SEARCH_PATHS = (
					"$(inherited)",
					"@executable_path/Frameworks",
				);
				MARKETING_VERSION = 1.0;
				PRODUCT_BUNDLE_IDENTIFIER = com.salantis.ramazan.team.lubov;
				PRODUCT_NAME = "$(TARGET_NAME)";
				SWIFT_EMIT_LOC_STRINGS = YES;
				SWIFT_VERSION = 5.0;
				TARGETED_DEVICE_FAMILY = 1;
			};
			name = Release;
		};
/* End XCBuildConfiguration section */

/* Begin XCConfigurationList section */
		EA99F3F62845444100179D6E /* Build configuration list for PBXProject "lubov" */ = {
			isa = XCConfigurationList;
			buildConfigurations = (
				EA99F40D2845444300179D6E /* Debug */,
				EA99F40E2845444300179D6E /* Release */,
			);
			defaultConfigurationIsVisible = 0;
			defaultConfigurationName = Release;
		};
		EA99F40F2845444300179D6E /* Build configuration list for PBXNativeTarget "lubov" */ = {
			isa = XCConfigurationList;
			buildConfigurations = (
				EA99F4102845444300179D6E /* Debug */,
				EA99F4112845444300179D6E /* Release */,
			);
			defaultConfigurationIsVisible = 0;
			defaultConfigurationName = Release;
		};
/* End XCConfigurationList section */

/* Begin XCRemoteSwiftPackageReference section */
		EA714D0D28764309007A88A5 /* XCRemoteSwiftPackageReference "UIOnboarding" */ = {
			isa = XCRemoteSwiftPackageReference;
			repositoryURL = "https://github.com/lascic/UIOnboarding.git";
			requirement = {
				kind = upToNextMajorVersion;
				minimumVersion = 2.0.0;
			};
		};
/* End XCRemoteSwiftPackageReference section */

/* Begin XCSwiftPackageProductDependency section */
		EA714D0E28764309007A88A5 /* UIOnboarding */ = {
			isa = XCSwiftPackageProductDependency;
			package = EA714D0D28764309007A88A5 /* XCRemoteSwiftPackageReference "UIOnboarding" */;
			productName = UIOnboarding;
		};
/* End XCSwiftPackageProductDependency section */

/* Begin XCVersionGroup section */
		EA3152BA286BBC27008C7829 /* Task.xcdatamodeld */ = {
			isa = XCVersionGroup;
			children = (
				EA3152BB286BBC27008C7829 /* Task.xcdatamodel */,
			);
			currentVersion = EA3152BB286BBC27008C7829 /* Task.xcdatamodel */;
			path = Task.xcdatamodeld;
			sourceTree = "<group>";
			versionGroupType = wrapper.xcdatamodel;
		};
/* End XCVersionGroup section */
	};
	rootObject = EA99F3F32845444100179D6E /* Project object */;
}
